
Microsoft Visual Studio Solution File, Format Version 12.00
# Visual Studio 15
VisualStudioVersion = 15.0.26124.0
MinimumVisualStudioVersion = 15.0.26124.0
Project("{2150E333-8FDC-42A3-9474-1A3956D46DE8}") = "src", "src", "{FAE86C2A-C203-4065-9418-788F0CFF5E7A}"
EndProject
Project("{FAE04EC0-301F-11D3-BF4B-00C04F79EFBC}") = "PalTracker", "src\PalTracker\PalTracker.csproj", "{916DDA99-A9BB-4C4E-B722-1D7411CE9857}"
EndProject
Project("{2150E333-8FDC-42A3-9474-1A3956D46DE8}") = "test", "test", "{753B3225-C967-479B-9E07-3D4C52E4CBB3}"
EndProject
Project("{FAE04EC0-301F-11D3-BF4B-00C04F79EFBC}") = "PalTrackerTests", "test\PalTrackerTests\PalTrackerTests.csproj", "{ED0FE67C-FA5F-498D-A837-0FE6481927B8}"
EndProject
Global
	GlobalSection(SolutionConfigurationPlatforms) = preSolution
		Debug|Any CPU = Debug|Any CPU
		Debug|x64 = Debug|x64
		Debug|x86 = Debug|x86
		Release|Any CPU = Release|Any CPU
		Release|x64 = Release|x64
		Release|x86 = Release|x86
	EndGlobalSection
	GlobalSection(SolutionProperties) = preSolution
		HideSolutionNode = FALSE
	EndGlobalSection
	GlobalSection(ProjectConfigurationPlatforms) = postSolution
		{916DDA99-A9BB-4C4E-B722-1D7411CE9857}.Debug|Any CPU.ActiveCfg = Debug|Any CPU
		{916DDA99-A9BB-4C4E-B722-1D7411CE9857}.Debug|Any CPU.Build.0 = Debug|Any CPU
		{916DDA99-A9BB-4C4E-B722-1D7411CE9857}.Debug|x64.ActiveCfg = Debug|x64
		{916DDA99-A9BB-4C4E-B722-1D7411CE9857}.Debug|x64.Build.0 = Debug|x64
		{916DDA99-A9BB-4C4E-B722-1D7411CE9857}.Debug|x86.ActiveCfg = Debug|x86
		{916DDA99-A9BB-4C4E-B722-1D7411CE9857}.Debug|x86.Build.0 = Debug|x86
		{916DDA99-A9BB-4C4E-B722-1D7411CE9857}.Release|Any CPU.ActiveCfg = Release|Any CPU
		{916DDA99-A9BB-4C4E-B722-1D7411CE9857}.Release|Any CPU.Build.0 = Release|Any CPU
		{916DDA99-A9BB-4C4E-B722-1D7411CE9857}.Release|x64.ActiveCfg = Release|x64
		{916DDA99-A9BB-4C4E-B722-1D7411CE9857}.Release|x64.Build.0 = Release|x64
		{916DDA99-A9BB-4C4E-B722-1D7411CE9857}.Release|x86.ActiveCfg = Release|x86
		{916DDA99-A9BB-4C4E-B722-1D7411CE9857}.Release|x86.Build.0 = Release|x86
		{ED0FE67C-FA5F-498D-A837-0FE6481927B8}.Debug|Any CPU.ActiveCfg = Debug|Any CPU
		{ED0FE67C-FA5F-498D-A837-0FE6481927B8}.Debug|Any CPU.Build.0 = Debug|Any CPU
		{ED0FE67C-FA5F-498D-A837-0FE6481927B8}.Debug|x64.ActiveCfg = Debug|x64
		{ED0FE67C-FA5F-498D-A837-0FE6481927B8}.Debug|x64.Build.0 = Debug|x64
		{ED0FE67C-FA5F-498D-A837-0FE6481927B8}.Debug|x86.ActiveCfg = Debug|x86
		{ED0FE67C-FA5F-498D-A837-0FE6481927B8}.Debug|x86.Build.0 = Debug|x86
		{ED0FE67C-FA5F-498D-A837-0FE6481927B8}.Release|Any CPU.ActiveCfg = Release|Any CPU
		{ED0FE67C-FA5F-498D-A837-0FE6481927B8}.Release|Any CPU.Build.0 = Release|Any CPU
		{ED0FE67C-FA5F-498D-A837-0FE6481927B8}.Release|x64.ActiveCfg = Release|x64
		{ED0FE67C-FA5F-498D-A837-0FE6481927B8}.Release|x64.Build.0 = Release|x64
		{ED0FE67C-FA5F-498D-A837-0FE6481927B8}.Release|x86.ActiveCfg = Release|x86
		{ED0FE67C-FA5F-498D-A837-0FE6481927B8}.Release|x86.Build.0 = Release|x86
	EndGlobalSection
	GlobalSection(NestedProjects) = preSolution
		{916DDA99-A9BB-4C4E-B722-1D7411CE9857} = {FAE86C2A-C203-4065-9418-788F0CFF5E7A}
		{ED0FE67C-FA5F-498D-A837-0FE6481927B8} = {753B3225-C967-479B-9E07-3D4C52E4CBB3}
	EndGlobalSection
EndGlobal
